PODS:
  - DeviceKit (4.6.0)
  - XMHandySwift (0.1.2):
    - DeviceKit
    - XMHandySwift/HandySwift (= 0.1.2)
  - XMHandySwift/HandySwift (0.1.2):
    - DeviceKit

DEPENDENCIES:
  - XMHandySwift (from `../`)

SPEC REPOS:
  trunk:
    - DeviceKit

EXTERNAL SOURCES:
  XMHandySwift:
    :path: "../"

SPEC CHECKSUMS:
  DeviceKit: 834dd8aa1be53cd85364d8f49aa5d98bfac397c4
  XMHandySwift: d212e0b260dc94600a3929140780838da66e814f

PODFILE CHECKSUM: f383374d3ec2f58a3c093cb5d685259df79ddac0

COCOAPODS: 1.11.3
