PODS:
  - DeviceKit (4.6.0)
  - XMHandySwift (2.4.0):
    - DeviceKit
    - XMHandySwift/HandySwift (= 2.4.0)
  - XMHandySwift/HandySwift (2.4.0):
    - DeviceKit

DEPENDENCIES:
  - XMHandySwift (from `../`)

SPEC REPOS:
  trunk:
    - DeviceKit

EXTERNAL SOURCES:
  XMHandySwift:
    :path: "../"

SPEC CHECKSUMS:
  DeviceKit: 834dd8aa1be53cd85364d8f49aa5d98bfac397c4
  XMHandySwift: 043ffdc8bd97fa39b0071fed31a25354d0bb0e89

PODFILE CHECKSUM: eb208abe758f64bff838c567d2be05fcffd2de27

COCOAPODS: 1.12.0
